
Microsoft Visual Studio Solution File, Format Version 12.00
# Visual Studio Version 17
VisualStudioVersion = 17.2.32516.85
MinimumVisualStudioVersion = 10.0.40219.1
Project("{FAE04EC0-301F-11D3-BF4B-00C04F79EFBC}") = "Figures", "Figures\Figures.csproj", "{97799706-CCA3-4A21-AF92-91C7CCCA5AFF}"
EndProject
Project("{FAE04EC0-301F-11D3-BF4B-00C04F79EFBC}") = "FigureLibraryTests", "FigureLibraryTests\FigureLibraryTests.csproj", "{46B5CE98-97EC-45B1-95BD-3E3BCD481A93}"
EndProject
Project("{2150E333-8FDC-42A3-9474-1A3956D46DE8}") = "Элементы решения", "Элементы решения", "{752D9D3D-90C0-4C7A-9B6C-A7E176773CFA}"
	ProjectSection(SolutionItems) = preProject
		SqlQuery.sql = SqlQuery.sql
	EndProjectSection
EndProject
Global
	GlobalSection(SolutionConfigurationPlatforms) = preSolution
		Debug|Any CPU = Debug|Any CPU
		Release|Any CPU = Release|Any CPU
	EndGlobalSection
	GlobalSection(ProjectConfigurationPlatforms) = postSolution
		{97799706-CCA3-4A21-AF92-91C7CCCA5AFF}.Debug|Any CPU.ActiveCfg = Debug|Any CPU
		{97799706-CCA3-4A21-AF92-91C7CCCA5AFF}.Debug|Any CPU.Build.0 = Debug|Any CPU
		{97799706-CCA3-4A21-AF92-91C7CCCA5AFF}.Release|Any CPU.ActiveCfg = Release|Any CPU
		{97799706-CCA3-4A21-AF92-91C7CCCA5AFF}.Release|Any CPU.Build.0 = Release|Any CPU
		{46B5CE98-97EC-45B1-95BD-3E3BCD481A93}.Debug|Any CPU.ActiveCfg = Debug|Any CPU
		{46B5CE98-97EC-45B1-95BD-3E3BCD481A93}.Debug|Any CPU.Build.0 = Debug|Any CPU
		{46B5CE98-97EC-45B1-95BD-3E3BCD481A93}.Release|Any CPU.ActiveCfg = Release|Any CPU
		{46B5CE98-97EC-45B1-95BD-3E3BCD481A93}.Release|Any CPU.Build.0 = Release|Any CPU
	EndGlobalSection
	GlobalSection(SolutionProperties) = preSolution
		HideSolutionNode = FALSE
	EndGlobalSection
	GlobalSection(ExtensibilityGlobals) = postSolution
		SolutionGuid = {20AD2A3D-F16F-46D5-9F89-D6A24B5F240F}
	EndGlobalSection
EndGlobal
